# This file is automatically @generated by Cargo.
# It is not intended for manual editing.
version = 4

[[package]]
name = "chimera"
version = "0.1.0"
dependencies = [
 "chimera-configuration",
 "chimera-core",
 "chimera-github",
 "chimera-workflow",
]

[[package]]
name = "chimera-configuration"
version = "0.1.0"

[[package]]
name = "chimera-core"
version = "0.1.0"

[[package]]
name = "chimera-github"
version = "0.1.0"
dependencies = [
 "chimera-core",
]

[[package]]
name = "chimera-workflow"
version = "0.1.0"
dependencies = [
 "chimera-core",
]
